{
  "version": 4,
  "terraform_version": "1.9.8",
  "serial": 72,
  "lineage": "a7e9b81d-0061-9aaf-1a17-7dd81a5c5dad",
  "outputs": {
    "admin_username": {
      "value": "infra",
      "type": "string"
    },
    "nsg_security_rules": {
      "value": [
        "22",
        "80"
      ],
      "type": [
        "list",
        "string"
      ]
    },
    "public_ip_address": {
      "value": "172.191.144.164",
      "type": "string"
    },
    "vm_name": {
      "value": "vm-nginx-lab",
      "type": "string"
    }
  },
  "resources": [
    {
      "mode": "managed",
      "type": "azurerm_linux_virtual_machine",
      "name": "vm",
      "provider": "provider[\"registry.terraform.io/hashicorp/azurerm\"]",
      "instances": [
        {
          "schema_version": 0,
          "attributes": {
            "additional_capabilities": [],
            "admin_password": null,
            "admin_ssh_key": [
              {
                "public_key": "ssh-rsa AAAAB3NzaC1yc2EAAAADAQABAAACAQCdohtk7WukDupgx8Ss/qKGSPeMRRWffJZt51TF9yg5HZqD+fDIKHbgbQZ4IN1muPr/TPo0SYYdK8SJD+nN0DX8o/8cJpQDkOPd5xAQFjy8U6Qs9xAdzsuLqeAE1nrs4360ySqSpVRtwq4q+Q5OCB7HtfwocisSH7DNFSj3ZI6Fg4vdDlo3f+CHzr5a140Xms+sEXUR/7pI9GGSSx0BQMVBPgR6MC1r4X6AKPYvI764ZZFnVZ5IAkJYfNrt8HAGlez3T1xgFNzLA8dbG6pX/KYXIIFllg7HXVLPQ3wiY/Yo6iTgDYHmXkzGKCFUk8VD/zi8f3U79M/Gpqhfq/JUbCa9crTT9c4WWmtU7uNedmcnNkfV12JCKi8dFYCUCRVRo8VXwCNunXzhRiB/knt1lkBRwvalRC6JwGWZAwZz43tnoPKykiLobeokos9yUNIUdzykVKO84TJDjrwPqGpWnSbqNBlTD6mks5zTR/Yqh/vynD2U+8YImZjLNXXz3EvwEyvt/7eWkVImbeAWglfbdXI2Fy/XKnmegXU7b+IxgNFTdpjVi8nRyg1w3ugBd/CCK0JFCjoP9TeAXmtwcUyJOWK9QTWYv1Zb0NPoHzvh6sQpSRzOs2M1eakIyETwOuDlie+q25Kjhk0OvrzR5T5T2mdvRlyqF6yqOvO4iGfo8mMhaQ== arimateiajunior@arimateiajunior-notebook\n",
                "username": "infra"
              }
            ],
            "admin_username": "infra",
            "allow_extension_operations": true,
            "availability_set_id": "",
            "boot_diagnostics": [],
            "bypass_platform_safety_checks_on_user_schedule_enabled": false,
            "capacity_reservation_group_id": "",
            "computer_name": "nginx-vm",
            "custom_data": "IyEvYmluL2Jhc2gKIyBBdHVhbGl6YXIgcGFjb3RlcwphcHQtZ2V0IHVwZGF0ZSAteQoKIyBJbnN0YWxhciBwYWNvdGVzIG5lY2Vzc8OhcmlvcyBwYXJhIGFkaWNpb25hciBvIHJlcG9zaXTDs3JpbyBkbyBEb2NrZXIKYXB0LWdldCBpbnN0YWxsIC15IGFwdC10cmFuc3BvcnQtaHR0cHMgY2EtY2VydGlmaWNhdGVzIGN1cmwgc29mdHdhcmUtcHJvcGVydGllcy1jb21tb24KCiMgQWRpY2lvbmFyIGEgY2hhdmUgR1BHIGRvIERvY2tlcgpjdXJsIC1mc1NMIGh0dHBzOi8vZG93bmxvYWQuZG9ja2VyLmNvbS9saW51eC91YnVudHUvZ3BnIHwgc3VkbyBhcHQta2V5IGFkZCAtCgojIEFkaWNpb25hciBvIHJlcG9zaXTDs3JpbyBkbyBEb2NrZXIKYWRkLWFwdC1yZXBvc2l0b3J5ICJkZWIgW2FyY2g9YW1kNjRdIGh0dHBzOi8vZG93bmxvYWQuZG9ja2VyLmNvbS9saW51eC91YnVudHUgJChsc2JfcmVsZWFzZSAtY3MpIHN0YWJsZSIKCiMgSW5zdGFsYXIgbyBEb2NrZXIKYXB0LWdldCB1cGRhdGUgLXkKYXB0LWdldCBpbnN0YWxsIC15IGRvY2tlci1jZQoKIyBBZGljaW9uYXIgbyB1c3XDoXJpbyBhbyBncnVwbyBkbyBEb2NrZXIKdXNlcm1vZCAtYUcgZG9ja2VyIGluZnJhCgojIEluaWNpYXIgZSBoYWJpbGl0YXIgbyBEb2NrZXIKc3lzdGVtY3RsIHN0YXJ0IGRvY2tlcgpzeXN0ZW1jdGwgZW5hYmxlIGRvY2tlcgo=",
            "dedicated_host_group_id": "",
            "dedicated_host_id": "",
            "disable_password_authentication": true,
            "disk_controller_type": "",
            "edge_zone": "",
            "encryption_at_host_enabled": false,
            "eviction_policy": "",
            "extensions_time_budget": "PT1H30M",
            "gallery_application": [],
            "id": "/subscriptions/3f8e44d3-d8c1-4de5-ae8d-c8bf79c026bc/resourceGroups/rg-nginx-lab/providers/Microsoft.Compute/virtualMachines/vm-nginx-lab",
            "identity": [],
            "license_type": "",
            "location": "eastus",
            "max_bid_price": -1,
            "name": "vm-nginx-lab",
            "network_interface_ids": [
              "/subscriptions/3f8e44d3-d8c1-4de5-ae8d-c8bf79c026bc/resourceGroups/rg-nginx-lab/providers/Microsoft.Network/networkInterfaces/nic-nginx-lab"
            ],
            "os_disk": [
              {
                "caching": "ReadWrite",
                "diff_disk_settings": [],
                "disk_encryption_set_id": "",
                "disk_size_gb": 30,
                "name": "vm-nginx-lab_disk1_8796e2cfa97143778d40b46b3a493ee9",
                "secure_vm_disk_encryption_set_id": "",
                "security_encryption_type": "",
                "storage_account_type": "Standard_LRS",
                "write_accelerator_enabled": false
              }
            ],
            "os_image_notification": [],
            "patch_assessment_mode": "ImageDefault",
            "patch_mode": "ImageDefault",
            "plan": [],
            "platform_fault_domain": -1,
            "priority": "Regular",
            "private_ip_address": "10.0.1.4",
            "private_ip_addresses": [
              "10.0.1.4"
            ],
            "provision_vm_agent": true,
            "proximity_placement_group_id": "",
            "public_ip_address": "172.191.144.164",
            "public_ip_addresses": [
              "172.191.144.164"
            ],
            "reboot_setting": "",
            "resource_group_name": "rg-nginx-lab",
            "secret": [],
            "secure_boot_enabled": false,
            "size": "Standard_B1s",
            "source_image_id": "",
            "source_image_reference": [
              {
                "offer": "UbuntuServer",
                "publisher": "Canonical",
                "sku": "18.04-LTS",
                "version": "latest"
              }
            ],
            "tags": null,
            "termination_notification": null,
            "timeouts": null,
            "user_data": "",
            "virtual_machine_id": "224aa1e0-e2ed-48fa-90f5-a189d8ba5fa5",
            "virtual_machine_scale_set_id": "",
            "vm_agent_platform_updates_enabled": false,
            "vtpm_enabled": false,
            "zone": ""
          },
          "sensitive_attributes": [
            [
              {
                "type": "get_attr",
                "value": "custom_data"
              }
            ],
            [
              {
                "type": "get_attr",
                "value": "admin_password"
              }
            ]
          ],
          "private": "eyJlMmJmYjczMC1lY2FhLTExZTYtOGY4OC0zNDM2M2JjN2M0YzAiOnsiY3JlYXRlIjoyNzAwMDAwMDAwMDAwLCJkZWxldGUiOjI3MDAwMDAwMDAwMDAsInJlYWQiOjMwMDAwMDAwMDAwMCwidXBkYXRlIjoyNzAwMDAwMDAwMDAwfX0=",
          "dependencies": [
            "azurerm_network_interface.nic",
            "azurerm_public_ip.public_ip",
            "azurerm_resource_group.rg",
            "azurerm_subnet.subnet",
            "azurerm_virtual_network.vnet"
          ]
        }
      ]
    },
    {
      "mode": "managed",
      "type": "azurerm_network_interface",
      "name": "nic",
      "provider": "provider[\"registry.terraform.io/hashicorp/azurerm\"]",
      "instances": [
        {
          "schema_version": 0,
          "attributes": {
            "accelerated_networking_enabled": false,
            "applied_dns_servers": [],
            "auxiliary_mode": "",
            "auxiliary_sku": "",
            "dns_servers": null,
            "edge_zone": "",
            "id": "/subscriptions/3f8e44d3-d8c1-4de5-ae8d-c8bf79c026bc/resourceGroups/rg-nginx-lab/providers/Microsoft.Network/networkInterfaces/nic-nginx-lab",
            "internal_dns_name_label": "",
            "internal_domain_name_suffix": "sm113kxb3stuznbcg4agwduaug.bx.internal.cloudapp.net",
            "ip_configuration": [
              {
                "gateway_load_balancer_frontend_ip_configuration_id": "",
                "name": "ipconfig",
                "primary": true,
                "private_ip_address": "10.0.1.4",
                "private_ip_address_allocation": "Dynamic",
                "private_ip_address_version": "IPv4",
                "public_ip_address_id": "/subscriptions/3f8e44d3-d8c1-4de5-ae8d-c8bf79c026bc/resourceGroups/rg-nginx-lab/providers/Microsoft.Network/publicIPAddresses/pip-nginx-lab",
                "subnet_id": "/subscriptions/3f8e44d3-d8c1-4de5-ae8d-c8bf79c026bc/resourceGroups/rg-nginx-lab/providers/Microsoft.Network/virtualNetworks/vnet-nginx-lab/subnets/subnet-nginx-lab"
              }
            ],
            "ip_forwarding_enabled": false,
            "location": "eastus",
            "mac_address": "",
            "name": "nic-nginx-lab",
            "private_ip_address": "10.0.1.4",
            "private_ip_addresses": [
              "10.0.1.4"
            ],
            "resource_group_name": "rg-nginx-lab",
            "tags": null,
            "timeouts": null,
            "virtual_machine_id": ""
          },
          "sensitive_attributes": [],
          "private": "eyJlMmJmYjczMC1lY2FhLTExZTYtOGY4OC0zNDM2M2JjN2M0YzAiOnsiY3JlYXRlIjoxODAwMDAwMDAwMDAwLCJkZWxldGUiOjE4MDAwMDAwMDAwMDAsInJlYWQiOjMwMDAwMDAwMDAwMCwidXBkYXRlIjoxODAwMDAwMDAwMDAwfX0=",
          "dependencies": [
            "azurerm_public_ip.public_ip",
            "azurerm_resource_group.rg",
            "azurerm_subnet.subnet",
            "azurerm_virtual_network.vnet"
          ]
        }
      ]
    },
    {
      "mode": "managed",
      "type": "azurerm_network_interface_security_group_association",
      "name": "nic_nsg_assoc",
      "provider": "provider[\"registry.terraform.io/hashicorp/azurerm\"]",
      "instances": [
        {
          "schema_version": 0,
          "attributes": {
            "id": "/subscriptions/3f8e44d3-d8c1-4de5-ae8d-c8bf79c026bc/resourceGroups/rg-nginx-lab/providers/Microsoft.Network/networkInterfaces/nic-nginx-lab|/subscriptions/3f8e44d3-d8c1-4de5-ae8d-c8bf79c026bc/resourceGroups/rg-nginx-lab/providers/Microsoft.Network/networkSecurityGroups/nsg-nginx-lab",
            "network_interface_id": "/subscriptions/3f8e44d3-d8c1-4de5-ae8d-c8bf79c026bc/resourceGroups/rg-nginx-lab/providers/Microsoft.Network/networkInterfaces/nic-nginx-lab",
            "network_security_group_id": "/subscriptions/3f8e44d3-d8c1-4de5-ae8d-c8bf79c026bc/resourceGroups/rg-nginx-lab/providers/Microsoft.Network/networkSecurityGroups/nsg-nginx-lab",
            "timeouts": null
          },
          "sensitive_attributes": [],
          "private": "eyJlMmJmYjczMC1lY2FhLTExZTYtOGY4OC0zNDM2M2JjN2M0YzAiOnsiY3JlYXRlIjoxODAwMDAwMDAwMDAwLCJkZWxldGUiOjE4MDAwMDAwMDAwMDAsInJlYWQiOjMwMDAwMDAwMDAwMH19",
          "dependencies": [
            "azurerm_network_interface.nic",
            "azurerm_network_security_group.nsg",
            "azurerm_public_ip.public_ip",
            "azurerm_resource_group.rg",
            "azurerm_subnet.subnet",
            "azurerm_virtual_network.vnet"
          ]
        }
      ]
    },
    {
      "mode": "managed",
      "type": "azurerm_network_security_group",
      "name": "nsg",
      "provider": "provider[\"registry.terraform.io/hashicorp/azurerm\"]",
      "instances": [
        {
          "schema_version": 0,
          "attributes": {
            "id": "/subscriptions/3f8e44d3-d8c1-4de5-ae8d-c8bf79c026bc/resourceGroups/rg-nginx-lab/providers/Microsoft.Network/networkSecurityGroups/nsg-nginx-lab",
            "location": "eastus",
            "name": "nsg-nginx-lab",
            "resource_group_name": "rg-nginx-lab",
            "security_rule": [
              {
                "access": "Allow",
                "description": "",
                "destination_address_prefix": "*",
                "destination_address_prefixes": [],
                "destination_application_security_group_ids": [],
                "destination_port_range": "22",
                "destination_port_ranges": [],
                "direction": "Inbound",
                "name": "Allow-SSH",
                "priority": 1000,
                "protocol": "Tcp",
                "source_address_prefix": "*",
                "source_address_prefixes": [],
                "source_application_security_group_ids": [],
                "source_port_range": "*",
                "source_port_ranges": []
              },
              {
                "access": "Allow",
                "description": "",
                "destination_address_prefix": "*",
                "destination_address_prefixes": [],
                "destination_application_security_group_ids": [],
                "destination_port_range": "80",
                "destination_port_ranges": [],
                "direction": "Inbound",
                "name": "Allow-HTTP",
                "priority": 1010,
                "protocol": "Tcp",
                "source_address_prefix": "*",
                "source_address_prefixes": [],
                "source_application_security_group_ids": [],
                "source_port_range": "*",
                "source_port_ranges": []
              }
            ],
            "tags": null,
            "timeouts": null
          },
          "sensitive_attributes": [],
          "private": "eyJlMmJmYjczMC1lY2FhLTExZTYtOGY4OC0zNDM2M2JjN2M0YzAiOnsiY3JlYXRlIjoxODAwMDAwMDAwMDAwLCJkZWxldGUiOjE4MDAwMDAwMDAwMDAsInJlYWQiOjMwMDAwMDAwMDAwMCwidXBkYXRlIjoxODAwMDAwMDAwMDAwfX0=",
          "dependencies": [
            "azurerm_resource_group.rg"
          ]
        }
      ]
    },
    {
      "mode": "managed",
      "type": "azurerm_public_ip",
      "name": "public_ip",
      "provider": "provider[\"registry.terraform.io/hashicorp/azurerm\"]",
      "instances": [
        {
          "schema_version": 0,
          "attributes": {
            "allocation_method": "Static",
            "ddos_protection_mode": "VirtualNetworkInherited",
            "ddos_protection_plan_id": null,
            "domain_name_label": null,
            "edge_zone": "",
            "fqdn": null,
            "id": "/subscriptions/3f8e44d3-d8c1-4de5-ae8d-c8bf79c026bc/resourceGroups/rg-nginx-lab/providers/Microsoft.Network/publicIPAddresses/pip-nginx-lab",
            "idle_timeout_in_minutes": 4,
            "ip_address": "172.191.144.164",
            "ip_tags": null,
            "ip_version": "IPv4",
            "location": "eastus",
            "name": "pip-nginx-lab",
            "public_ip_prefix_id": null,
            "resource_group_name": "rg-nginx-lab",
            "reverse_fqdn": null,
            "sku": "Standard",
            "sku_tier": "Regional",
            "tags": null,
            "timeouts": null,
            "zones": null
          },
          "sensitive_attributes": [],
          "private": "eyJlMmJmYjczMC1lY2FhLTExZTYtOGY4OC0zNDM2M2JjN2M0YzAiOnsiY3JlYXRlIjoxODAwMDAwMDAwMDAwLCJkZWxldGUiOjE4MDAwMDAwMDAwMDAsInJlYWQiOjMwMDAwMDAwMDAwMCwidXBkYXRlIjoxODAwMDAwMDAwMDAwfX0=",
          "dependencies": [
            "azurerm_resource_group.rg"
          ]
        }
      ]
    },
    {
      "mode": "managed",
      "type": "azurerm_resource_group",
      "name": "rg",
      "provider": "provider[\"registry.terraform.io/hashicorp/azurerm\"]",
      "instances": [
        {
          "schema_version": 0,
          "attributes": {
            "id": "/subscriptions/3f8e44d3-d8c1-4de5-ae8d-c8bf79c026bc/resourceGroups/rg-nginx-lab",
            "location": "eastus",
            "managed_by": "",
            "name": "rg-nginx-lab",
            "tags": null,
            "timeouts": null
          },
          "sensitive_attributes": [],
          "private": "eyJlMmJmYjczMC1lY2FhLTExZTYtOGY4OC0zNDM2M2JjN2M0YzAiOnsiY3JlYXRlIjo1NDAwMDAwMDAwMDAwLCJkZWxldGUiOjU0MDAwMDAwMDAwMDAsInJlYWQiOjMwMDAwMDAwMDAwMCwidXBkYXRlIjo1NDAwMDAwMDAwMDAwfX0="
        }
      ]
    },
    {
      "mode": "managed",
      "type": "azurerm_subnet",
      "name": "subnet",
      "provider": "provider[\"registry.terraform.io/hashicorp/azurerm\"]",
      "instances": [
        {
          "schema_version": 0,
          "attributes": {
            "address_prefixes": [
              "10.0.1.0/24"
            ],
            "default_outbound_access_enabled": true,
            "delegation": [],
            "id": "/subscriptions/3f8e44d3-d8c1-4de5-ae8d-c8bf79c026bc/resourceGroups/rg-nginx-lab/providers/Microsoft.Network/virtualNetworks/vnet-nginx-lab/subnets/subnet-nginx-lab",
            "name": "subnet-nginx-lab",
            "private_endpoint_network_policies": "Disabled",
            "private_link_service_network_policies_enabled": true,
            "resource_group_name": "rg-nginx-lab",
            "service_endpoint_policy_ids": null,
            "service_endpoints": null,
            "timeouts": null,
            "virtual_network_name": "vnet-nginx-lab"
          },
          "sensitive_attributes": [],
          "private": "eyJlMmJmYjczMC1lY2FhLTExZTYtOGY4OC0zNDM2M2JjN2M0YzAiOnsiY3JlYXRlIjoxODAwMDAwMDAwMDAwLCJkZWxldGUiOjE4MDAwMDAwMDAwMDAsInJlYWQiOjMwMDAwMDAwMDAwMCwidXBkYXRlIjoxODAwMDAwMDAwMDAwfX0=",
          "dependencies": [
            "azurerm_resource_group.rg",
            "azurerm_virtual_network.vnet"
          ]
        }
      ]
    },
    {
      "mode": "managed",
      "type": "azurerm_virtual_network",
      "name": "vnet",
      "provider": "provider[\"registry.terraform.io/hashicorp/azurerm\"]",
      "instances": [
        {
          "schema_version": 0,
          "attributes": {
            "address_space": [
              "10.0.0.0/16"
            ],
            "bgp_community": "",
            "ddos_protection_plan": [],
            "dns_servers": [],
            "edge_zone": "",
            "encryption": [],
            "flow_timeout_in_minutes": 0,
            "guid": "aabe3793-ece1-4ca7-b422-37806b0e80a6",
            "id": "/subscriptions/3f8e44d3-d8c1-4de5-ae8d-c8bf79c026bc/resourceGroups/rg-nginx-lab/providers/Microsoft.Network/virtualNetworks/vnet-nginx-lab",
            "location": "eastus",
            "name": "vnet-nginx-lab",
            "resource_group_name": "rg-nginx-lab",
            "subnet": [],
            "tags": null,
            "timeouts": null
          },
          "sensitive_attributes": [],
          "private": "eyJlMmJmYjczMC1lY2FhLTExZTYtOGY4OC0zNDM2M2JjN2M0YzAiOnsiY3JlYXRlIjoxODAwMDAwMDAwMDAwLCJkZWxldGUiOjE4MDAwMDAwMDAwMDAsInJlYWQiOjMwMDAwMDAwMDAwMCwidXBkYXRlIjoxODAwMDAwMDAwMDAwfX0=",
          "dependencies": [
            "azurerm_resource_group.rg"
          ]
        }
      ]
    }
  ],
  "check_results": null
}
